
Microsoft Visual Studio Solution File, Format Version 12.00
# Visual Studio Version 17
VisualStudioVersion = 17.4.33103.184
MinimumVisualStudioVersion = 10.0.40219.1
Project("{8BC9CEB8-8B4A-11D0-8D11-00A0C91BC942}") = "MHSharp", "MHSharp.vcxproj", "{527CB8FE-4710-4F1E-B929-CF43C6C80D1E}"
EndProject
Project("{FAE04EC0-301F-11D3-BF4B-00C04F79EFBC}") = "MHSharpLibrary", "dotnet\MHSharpLibrary\MHSharpLibrary.csproj", "{AA27CC55-DB8D-4138-8647-B6EBC1AA5187}"
EndProject
Project("{FAE04EC0-301F-11D3-BF4B-00C04F79EFBC}") = "MHHelloWorld", "dotnet\MHHelloWorld\MHHelloWorld.csproj", "{92A1125A-DBCB-48DE-A0B5-C8A042220FAE}"
EndProject
Global
	GlobalSection(SolutionConfigurationPlatforms) = preSolution
		Debug|Any CPU = Debug|Any CPU
		Debug|x86 = Debug|x86
		Release|Any CPU = Release|Any CPU
		Release|x86 = Release|x86
	EndGlobalSection
	GlobalSection(ProjectConfigurationPlatforms) = postSolution
		{527CB8FE-4710-4F1E-B929-CF43C6C80D1E}.Debug|Any CPU.ActiveCfg = Debug|Win32
		{527CB8FE-4710-4F1E-B929-CF43C6C80D1E}.Debug|Any CPU.Build.0 = Debug|Win32
		{527CB8FE-4710-4F1E-B929-CF43C6C80D1E}.Debug|x86.ActiveCfg = Debug|Win32
		{527CB8FE-4710-4F1E-B929-CF43C6C80D1E}.Debug|x86.Build.0 = Debug|Win32
		{527CB8FE-4710-4F1E-B929-CF43C6C80D1E}.Release|Any CPU.ActiveCfg = Release|Win32
		{527CB8FE-4710-4F1E-B929-CF43C6C80D1E}.Release|Any CPU.Build.0 = Release|Win32
		{527CB8FE-4710-4F1E-B929-CF43C6C80D1E}.Release|x86.ActiveCfg = Release|Win32
		{527CB8FE-4710-4F1E-B929-CF43C6C80D1E}.Release|x86.Build.0 = Release|Win32
		{AA27CC55-DB8D-4138-8647-B6EBC1AA5187}.Debug|Any CPU.ActiveCfg = Debug|Any CPU
		{AA27CC55-DB8D-4138-8647-B6EBC1AA5187}.Debug|Any CPU.Build.0 = Debug|Any CPU
		{AA27CC55-DB8D-4138-8647-B6EBC1AA5187}.Debug|x86.ActiveCfg = Debug|Any CPU
		{AA27CC55-DB8D-4138-8647-B6EBC1AA5187}.Debug|x86.Build.0 = Debug|Any CPU
		{AA27CC55-DB8D-4138-8647-B6EBC1AA5187}.Release|Any CPU.ActiveCfg = Release|Any CPU
		{AA27CC55-DB8D-4138-8647-B6EBC1AA5187}.Release|Any CPU.Build.0 = Release|Any CPU
		{AA27CC55-DB8D-4138-8647-B6EBC1AA5187}.Release|x86.ActiveCfg = Release|Any CPU
		{AA27CC55-DB8D-4138-8647-B6EBC1AA5187}.Release|x86.Build.0 = Release|Any CPU
		{92A1125A-DBCB-48DE-A0B5-C8A042220FAE}.Debug|Any CPU.ActiveCfg = Debug|Any CPU
		{92A1125A-DBCB-48DE-A0B5-C8A042220FAE}.Debug|Any CPU.Build.0 = Debug|Any CPU
		{92A1125A-DBCB-48DE-A0B5-C8A042220FAE}.Debug|x86.ActiveCfg = Debug|Any CPU
		{92A1125A-DBCB-48DE-A0B5-C8A042220FAE}.Debug|x86.Build.0 = Debug|Any CPU
		{92A1125A-DBCB-48DE-A0B5-C8A042220FAE}.Release|Any CPU.ActiveCfg = Release|Any CPU
		{92A1125A-DBCB-48DE-A0B5-C8A042220FAE}.Release|Any CPU.Build.0 = Release|Any CPU
		{92A1125A-DBCB-48DE-A0B5-C8A042220FAE}.Release|x86.ActiveCfg = Release|Any CPU
		{92A1125A-DBCB-48DE-A0B5-C8A042220FAE}.Release|x86.Build.0 = Release|Any CPU
	EndGlobalSection
	GlobalSection(SolutionProperties) = preSolution
		HideSolutionNode = FALSE
	EndGlobalSection
	GlobalSection(ExtensibilityGlobals) = postSolution
		SolutionGuid = {7432EC82-08D1-4D05-9873-F6030647955C}
	EndGlobalSection
EndGlobal
